
Microsoft Visual Studio Solution File, Format Version 12.00
# Visual Studio 2013
VisualStudioVersion = 12.0.30723.0
MinimumVisualStudioVersion = 10.0.40219.1
Project("{2150E333-8FDC-42A3-9474-1A3956D46DE8}") = "WPF", "WPF", "{945825DB-72D2-4701-999D-7F244D53D77E}"
EndProject
Project("{2150E333-8FDC-42A3-9474-1A3956D46DE8}") = "Windows Runtime", "Windows Runtime", "{AE083759-A81C-4BBF-B9DE-24784716BEED}"
EndProject
Project("{FAE04EC0-301F-11D3-BF4B-00C04F79EFBC}") = "EllipticBit.Controls.WPF", "EllipticBit.Controls.WPF\EllipticBit.Controls.WPF.csproj", "{9DF66A92-56D8-4DE9-87D6-3878F46B22FA}"
EndProject
Project("{FAE04EC0-301F-11D3-BF4B-00C04F79EFBC}") = "EllipticBit.Controls.WPF.Themes.Light", "EllipticBit.Controls.WPF.Themes.Light\EllipticBit.Controls.WPF.Themes.Light.csproj", "{3436CA19-55A1-4297-9FE3-4B109F013B33}"
EndProject
Project("{FAE04EC0-301F-11D3-BF4B-00C04F79EFBC}") = "EllipticBit.Controls.WPF.Themes.Dark", "EllipticBit.Controls.WPF.Themes.Dark\EllipticBit.Controls.WPF.Themes.Dark.csproj", "{6AB172B8-B91F-4DFE-A1E1-714F489C5396}"
EndProject
Global
	GlobalSection(SolutionConfigurationPlatforms) = preSolution
		Debug|Any CPU = Debug|Any CPU
		Release|Any CPU = Release|Any CPU
	EndGlobalSection
	GlobalSection(ProjectConfigurationPlatforms) = postSolution
		{9DF66A92-56D8-4DE9-87D6-3878F46B22FA}.Debug|Any CPU.ActiveCfg = Debug|Any CPU
		{9DF66A92-56D8-4DE9-87D6-3878F46B22FA}.Debug|Any CPU.Build.0 = Debug|Any CPU
		{9DF66A92-56D8-4DE9-87D6-3878F46B22FA}.Release|Any CPU.ActiveCfg = Release|Any CPU
		{9DF66A92-56D8-4DE9-87D6-3878F46B22FA}.Release|Any CPU.Build.0 = Release|Any CPU
		{3436CA19-55A1-4297-9FE3-4B109F013B33}.Debug|Any CPU.ActiveCfg = Debug|Any CPU
		{3436CA19-55A1-4297-9FE3-4B109F013B33}.Debug|Any CPU.Build.0 = Debug|Any CPU
		{3436CA19-55A1-4297-9FE3-4B109F013B33}.Release|Any CPU.ActiveCfg = Release|Any CPU
		{3436CA19-55A1-4297-9FE3-4B109F013B33}.Release|Any CPU.Build.0 = Release|Any CPU
		{6AB172B8-B91F-4DFE-A1E1-714F489C5396}.Debug|Any CPU.ActiveCfg = Debug|Any CPU
		{6AB172B8-B91F-4DFE-A1E1-714F489C5396}.Debug|Any CPU.Build.0 = Debug|Any CPU
		{6AB172B8-B91F-4DFE-A1E1-714F489C5396}.Release|Any CPU.ActiveCfg = Release|Any CPU
		{6AB172B8-B91F-4DFE-A1E1-714F489C5396}.Release|Any CPU.Build.0 = Release|Any CPU
	EndGlobalSection
	GlobalSection(SolutionProperties) = preSolution
		HideSolutionNode = FALSE
	EndGlobalSection
	GlobalSection(NestedProjects) = preSolution
		{9DF66A92-56D8-4DE9-87D6-3878F46B22FA} = {945825DB-72D2-4701-999D-7F244D53D77E}
		{3436CA19-55A1-4297-9FE3-4B109F013B33} = {945825DB-72D2-4701-999D-7F244D53D77E}
		{6AB172B8-B91F-4DFE-A1E1-714F489C5396} = {945825DB-72D2-4701-999D-7F244D53D77E}
	EndGlobalSection
EndGlobal
